{
  "name": "clang-demo",
  "version": "1.0.0",
  "lockfileVersion": 2,
  "requires": true,
  "packages": {
    "": {
      "name": "clang-demo",
      "version": "1.0.0",
      "license": "ISC",
      "dependencies": {
        "gl-matrix-wasm": "^0.8.0",
        "three": "^0.134.0"
      }
    },
    "node_modules/gl-matrix-wasm": {
      "version": "0.8.0",
      "resolved": "https://registry.npmmirror.com/gl-matrix-wasm/download/gl-matrix-wasm-0.8.0.tgz",
      "integrity": "sha1-UkDp3qAi7pijrHahyk+JdH2+TdY="
    },
    "node_modules/three": {
      "version": "0.134.0",
      "resolved": "https://registry.npmmirror.com/three/download/three-0.134.0.tgz?cache=0&sync_timestamp=1635495534693&other_urls=https%3A%2F%2Fregistry.npmmirror.com%2Fthree%2Fdownload%2Fthree-0.134.0.tgz",
      "integrity": "sha1-161NhdBQ2ghhvzl0mwbd+18XFX8=",
      "license": "MIT"
    }
  },
  "dependencies": {
    "gl-matrix-wasm": {
      "version": "0.8.0",
      "resolved": "https://registry.npmmirror.com/gl-matrix-wasm/download/gl-matrix-wasm-0.8.0.tgz",
      "integrity": "sha1-UkDp3qAi7pijrHahyk+JdH2+TdY="
    },
    "three": {
      "version": "0.134.0",
      "resolved": "https://registry.npmmirror.com/three/download/three-0.134.0.tgz?cache=0&sync_timestamp=1635495534693&other_urls=https%3A%2F%2Fregistry.npmmirror.com%2Fthree%2Fdownload%2Fthree-0.134.0.tgz",
      "integrity": "sha1-161NhdBQ2ghhvzl0mwbd+18XFX8="
    }
  }
}
