{
  "name": "clang-demo",
  "version": "1.0.0",
  "lockfileVersion": 2,
  "requires": true,
  "packages": {
    "": {
      "name": "clang-demo",
      "version": "1.0.0",
      "license": "ISC",
      "dependencies": {
        "gl-matrix-wasm": "^0.8.0"
      }
    },
    "node_modules/gl-matrix-wasm": {
      "version": "0.8.0",
      "resolved": "https://registry.npmmirror.com/gl-matrix-wasm/download/gl-matrix-wasm-0.8.0.tgz",
      "integrity": "sha1-UkDp3qAi7pijrHahyk+JdH2+TdY="
    }
  },
  "dependencies": {
    "gl-matrix-wasm": {
      "version": "0.8.0",
      "resolved": "https://registry.npmmirror.com/gl-matrix-wasm/download/gl-matrix-wasm-0.8.0.tgz",
      "integrity": "sha1-UkDp3qAi7pijrHahyk+JdH2+TdY="
    }
  }
}
